
Microsoft Visual Studio Solution File, Format Version 12.00
# Visual Studio Version 17
VisualStudioVersion = 17.5.33530.505
MinimumVisualStudioVersion = 10.0.40219.1
Project("{9A19103F-16F7-4668-BE54-9A1E7A4F7556}") = "SquadBot_Application", "SquadBot_Application\SquadBot_Application.csproj", "{91C843F7-1C24-4C82-AAE6-ECF3F87ACA7F}"
EndProject
Global
	GlobalSection(SolutionConfigurationPlatforms) = preSolution
		Debug|Any CPU = Debug|Any CPU
		Release|Any CPU = Release|Any CPU
	EndGlobalSection
	GlobalSection(ProjectConfigurationPlatforms) = postSolution
		{91C843F7-1C24-4C82-AAE6-ECF3F87ACA7F}.Debug|Any CPU.ActiveCfg = Debug|Any CPU
		{91C843F7-1C24-4C82-AAE6-ECF3F87ACA7F}.Debug|Any CPU.Build.0 = Debug|Any CPU
		{91C843F7-1C24-4C82-AAE6-ECF3F87ACA7F}.Release|Any CPU.ActiveCfg = Release|Any CPU
		{91C843F7-1C24-4C82-AAE6-ECF3F87ACA7F}.Release|Any CPU.Build.0 = Release|Any CPU
	EndGlobalSection
	GlobalSection(SolutionProperties) = preSolution
		HideSolutionNode = FALSE
	EndGlobalSection
	GlobalSection(ExtensibilityGlobals) = postSolution
		SolutionGuid = {9546111A-FDC6-485B-AF68-903E02A01519}
	EndGlobalSection
EndGlobal
